
Microsoft Visual Studio Solution File, Format Version 12.00
# Visual Studio Version 17
VisualStudioVersion = 17.0.31903.59
MinimumVisualStudioVersion = 10.0.40219.1
Project("{FAE04EC0-301F-11D3-BF4B-00C04F79EFBC}") = "CloneTato", "CloneTato.csproj", "{ED2AAF06-38E9-43C2-A690-7AB97289C322}"
EndProject
Project("{FAE04EC0-301F-11D3-BF4B-00C04F79EFBC}") = "DesertEngine", "DesertEngine\DesertEngine.csproj", "{8709B23A-A0D1-4333-922D-91C6E82C5151}"
EndProject
Global
	GlobalSection(SolutionConfigurationPlatforms) = preSolution
		Debug|Any CPU = Debug|Any CPU
		Debug|x64 = Debug|x64
		Debug|x86 = Debug|x86
		Release|Any CPU = Release|Any CPU
		Release|x64 = Release|x64
		Release|x86 = Release|x86
	EndGlobalSection
	GlobalSection(ProjectConfigurationPlatforms) = postSolution
		{ED2AAF06-38E9-43C2-A690-7AB97289C322}.Debug|Any CPU.ActiveCfg = Debug|Any CPU
		{ED2AAF06-38E9-43C2-A690-7AB97289C322}.Debug|Any CPU.Build.0 = Debug|Any CPU
		{ED2AAF06-38E9-43C2-A690-7AB97289C322}.Debug|x64.ActiveCfg = Debug|Any CPU
		{ED2AAF06-38E9-43C2-A690-7AB97289C322}.Debug|x64.Build.0 = Debug|Any CPU
		{ED2AAF06-38E9-43C2-A690-7AB97289C322}.Debug|x86.ActiveCfg = Debug|Any CPU
		{ED2AAF06-38E9-43C2-A690-7AB97289C322}.Debug|x86.Build.0 = Debug|Any CPU
		{ED2AAF06-38E9-43C2-A690-7AB97289C322}.Release|Any CPU.ActiveCfg = Release|Any CPU
		{ED2AAF06-38E9-43C2-A690-7AB97289C322}.Release|Any CPU.Build.0 = Release|Any CPU
		{ED2AAF06-38E9-43C2-A690-7AB97289C322}.Release|x64.ActiveCfg = Release|Any CPU
		{ED2AAF06-38E9-43C2-A690-7AB97289C322}.Release|x64.Build.0 = Release|Any CPU
		{ED2AAF06-38E9-43C2-A690-7AB97289C322}.Release|x86.ActiveCfg = Release|Any CPU
		{ED2AAF06-38E9-43C2-A690-7AB97289C322}.Release|x86.Build.0 = Release|Any CPU
		{8709B23A-A0D1-4333-922D-91C6E82C5151}.Debug|Any CPU.ActiveCfg = Debug|Any CPU
		{8709B23A-A0D1-4333-922D-91C6E82C5151}.Debug|Any CPU.Build.0 = Debug|Any CPU
		{8709B23A-A0D1-4333-922D-91C6E82C5151}.Debug|x64.ActiveCfg = Debug|Any CPU
		{8709B23A-A0D1-4333-922D-91C6E82C5151}.Debug|x64.Build.0 = Debug|Any CPU
		{8709B23A-A0D1-4333-922D-91C6E82C5151}.Debug|x86.ActiveCfg = Debug|Any CPU
		{8709B23A-A0D1-4333-922D-91C6E82C5151}.Debug|x86.Build.0 = Debug|Any CPU
		{8709B23A-A0D1-4333-922D-91C6E82C5151}.Release|Any CPU.ActiveCfg = Release|Any CPU
		{8709B23A-A0D1-4333-922D-91C6E82C5151}.Release|Any CPU.Build.0 = Release|Any CPU
		{8709B23A-A0D1-4333-922D-91C6E82C5151}.Release|x64.ActiveCfg = Release|Any CPU
		{8709B23A-A0D1-4333-922D-91C6E82C5151}.Release|x64.Build.0 = Release|Any CPU
		{8709B23A-A0D1-4333-922D-91C6E82C5151}.Release|x86.ActiveCfg = Release|Any CPU
		{8709B23A-A0D1-4333-922D-91C6E82C5151}.Release|x86.Build.0 = Release|Any CPU
	EndGlobalSection
	GlobalSection(SolutionProperties) = preSolution
		HideSolutionNode = FALSE
	EndGlobalSection
EndGlobal
